
Microsoft Visual Studio Solution File, Format Version 12.00
# Visual Studio 2013
VisualStudioVersion = 12.0.21005.1
MinimumVisualStudioVersion = 10.0.40219.1
Project("{FAE04EC0-301F-11D3-BF4B-00C04F79EFBC}") = "DataLayer", "DataLayer\DataLayer.csproj", "{72C02CFC-7307-4918-9DE0-1F05F6BDECB2}"
EndProject
Project("{FAE04EC0-301F-11D3-BF4B-00C04F79EFBC}") = "Logic", "Logic\Logic.csproj", "{0A4CA7BD-9EA8-4EF4-8A58-EBF28EF3E3EA}"
EndProject
Project("{FAE04EC0-301F-11D3-BF4B-00C04F79EFBC}") = "ModernUI", "ModernUI\ModernUI.csproj", "{7C4B5823-2636-4B68-BADC-165448D508F4}"
EndProject
Project("{FAE04EC0-301F-11D3-BF4B-00C04F79EFBC}") = "UnitTests", "UnitTests\UnitTests.csproj", "{7512BBA7-2789-4565-99B6-576001C309FF}"
EndProject
Global
	GlobalSection(SolutionConfigurationPlatforms) = preSolution
		Debug|Any CPU = Debug|Any CPU
		Release|Any CPU = Release|Any CPU
	EndGlobalSection
	GlobalSection(ProjectConfigurationPlatforms) = postSolution
		{72C02CFC-7307-4918-9DE0-1F05F6BDECB2}.Debug|Any CPU.ActiveCfg = Debug|Any CPU
		{72C02CFC-7307-4918-9DE0-1F05F6BDECB2}.Debug|Any CPU.Build.0 = Debug|Any CPU
		{72C02CFC-7307-4918-9DE0-1F05F6BDECB2}.Release|Any CPU.ActiveCfg = Release|Any CPU
		{72C02CFC-7307-4918-9DE0-1F05F6BDECB2}.Release|Any CPU.Build.0 = Release|Any CPU
		{0A4CA7BD-9EA8-4EF4-8A58-EBF28EF3E3EA}.Debug|Any CPU.ActiveCfg = Debug|Any CPU
		{0A4CA7BD-9EA8-4EF4-8A58-EBF28EF3E3EA}.Debug|Any CPU.Build.0 = Debug|Any CPU
		{0A4CA7BD-9EA8-4EF4-8A58-EBF28EF3E3EA}.Release|Any CPU.ActiveCfg = Release|Any CPU
		{0A4CA7BD-9EA8-4EF4-8A58-EBF28EF3E3EA}.Release|Any CPU.Build.0 = Release|Any CPU
		{7C4B5823-2636-4B68-BADC-165448D508F4}.Debug|Any CPU.ActiveCfg = Debug|Any CPU
		{7C4B5823-2636-4B68-BADC-165448D508F4}.Debug|Any CPU.Build.0 = Debug|Any CPU
		{7C4B5823-2636-4B68-BADC-165448D508F4}.Release|Any CPU.ActiveCfg = Release|Any CPU
		{7C4B5823-2636-4B68-BADC-165448D508F4}.Release|Any CPU.Build.0 = Release|Any CPU
		{7512BBA7-2789-4565-99B6-576001C309FF}.Debug|Any CPU.ActiveCfg = Debug|Any CPU
		{7512BBA7-2789-4565-99B6-576001C309FF}.Debug|Any CPU.Build.0 = Debug|Any CPU
		{7512BBA7-2789-4565-99B6-576001C309FF}.Release|Any CPU.ActiveCfg = Release|Any CPU
		{7512BBA7-2789-4565-99B6-576001C309FF}.Release|Any CPU.Build.0 = Release|Any CPU
	EndGlobalSection
	GlobalSection(SolutionProperties) = preSolution
		HideSolutionNode = FALSE
	EndGlobalSection
EndGlobal
